
Microsoft Visual Studio Solution File, Format Version 12.00
# Visual Studio 15
VisualStudioVersion = 15.0.28307.168
MinimumVisualStudioVersion = 10.0.40219.1
Project("{FAE04EC0-301F-11D3-BF4B-00C04F79EFBC}") = "WindowsFormsApp1", "WindowsFormsApp1\WindowsFormsApp1.csproj", "{0275236F-3386-4DA9-86C3-77D75D5BBA7F}"
EndProject
Global
	GlobalSection(SolutionConfigurationPlatforms) = preSolution
		Debug|Any CPU = Debug|Any CPU
		Release|Any CPU = Release|Any CPU
	EndGlobalSection
	GlobalSection(ProjectConfigurationPlatforms) = postSolution
		{0275236F-3386-4DA9-86C3-77D75D5BBA7F}.Debug|Any CPU.ActiveCfg = Debug|Any CPU
		{0275236F-3386-4DA9-86C3-77D75D5BBA7F}.Debug|Any CPU.Build.0 = Debug|Any CPU
		{0275236F-3386-4DA9-86C3-77D75D5BBA7F}.Release|Any CPU.ActiveCfg = Release|Any CPU
		{0275236F-3386-4DA9-86C3-77D75D5BBA7F}.Release|Any CPU.Build.0 = Release|Any CPU
	EndGlobalSection
	GlobalSection(SolutionProperties) = preSolution
		HideSolutionNode = FALSE
	EndGlobalSection
	GlobalSection(ExtensibilityGlobals) = postSolution
		SolutionGuid = {8C799440-DCF0-40C5-B34C-EF7DBCE6C356}
	EndGlobalSection
EndGlobal
